PODS:
  - Alamofire (5.4.4)
  - SnapKit (5.0.1)

DEPENDENCIES:
  - Alamofire
  - SnapKit

SPEC REPOS:
  trunk:
    - Alamofire
    - SnapKit

SPEC CHECKSUMS:
  Alamofire: f3b09a368f1582ab751b3fff5460276e0d2cf5c9
  SnapKit: 97b92857e3df3a0c71833cce143274bf6ef8e5eb

PODFILE CHECKSUM: ea5907e4f69df21aed1619fb4dc0bb10d30912ca

COCOAPODS: 1.11.2
