// !$*UTF8*$!
{
	archiveVersion = 1;
	classes = {
	};
	objectVersion = 51;
	objects = {

/* Begin PBXBuildFile section */
		A6B586B6C3D734F765709D7B /* Pods_study_with_me.framework in Frameworks */ = {isa = PBXBuildFile; fileRef = 034F6F2AD289413A5B58DFCC /* Pods_study_with_me.framework */; };
		E95BC07D2745DF2000CBC5D2 /* AppDelegate.swift in Sources */ = {isa = PBXBuildFile; fileRef = E95BC07C2745DF2000CBC5D2 /* AppDelegate.swift */; };
		E95BC07F2745DF2000CBC5D2 /* SceneDelegate.swift in Sources */ = {isa = PBXBuildFile; fileRef = E95BC07E2745DF2000CBC5D2 /* SceneDelegate.swift */; };
		E95BC0812745DF2000CBC5D2 /* ViewController.swift in Sources */ = {isa = PBXBuildFile; fileRef = E95BC0802745DF2000CBC5D2 /* ViewController.swift */; };
		E95BC0862745DF2200CBC5D2 /* Assets.xcassets in Resources */ = {isa = PBXBuildFile; fileRef = E95BC0852745DF2200CBC5D2 /* Assets.xcassets */; };
		E95BC0892745DF2200CBC5D2 /* LaunchScreen.storyboard in Resources */ = {isa = PBXBuildFile; fileRef = E95BC0872745DF2200CBC5D2 /* LaunchScreen.storyboard */; };
		E95BC0E22746CF5600CBC5D2 /* NetworkManager.swift in Sources */ = {isa = PBXBuildFile; fileRef = E95BC0E12746CF5600CBC5D2 /* NetworkManager.swift */; };
/* End PBXBuildFile section */

/* Begin PBXContainerItemProxy section */
		E95BC0902745DF2300CBC5D2 /* PBXContainerItemProxy */ = {
			isa = PBXContainerItemProxy;
			containerPortal = E95BC0712745DF2000CBC5D2 /* Project object */;
			proxyType = 1;
			remoteGlobalIDString = E95BC0782745DF2000CBC5D2;
			remoteInfo = study_with_me;
		};
		E95BC09B2745DF2300CBC5D2 /* PBXContainerItemProxy */ = {
			isa = PBXContainerItemProxy;
			containerPortal = E95BC0712745DF2000CBC5D2 /* Project object */;
			proxyType = 1;
			remoteGlobalIDString = E95BC0782745DF2000CBC5D2;
			remoteInfo = study_with_me;
		};
/* End PBXContainerItemProxy section */

/* Begin PBXFileReference section */
		034F6F2AD289413A5B58DFCC /* Pods_study_with_me.framework */ = {isa = PBXFileReference; explicitFileType = wrapper.framework; includeInIndex = 0; path = Pods_study_with_me.framework; sourceTree = BUILT_PRODUCTS_DIR; };
		05F283F589527FC65EEA1CE0 /* Pods-study_with_me.release.xcconfig */ = {isa = PBXFileReference; includeInIndex = 1; lastKnownFileType = text.xcconfig; name = "Pods-study_with_me.release.xcconfig"; path = "Target Support Files/Pods-study_with_me/Pods-study_with_me.release.xcconfig"; sourceTree = "<group>"; };
		E95BC07C2745DF2000CBC5D2 /* AppDelegate.swift */ = {isa = PBXFileReference; lastKnownFileType = sourcecode.swift; path = AppDelegate.swift; sourceTree = "<group>"; };
		E95BC07E2745DF2000CBC5D2 /* SceneDelegate.swift */ = {isa = PBXFileReference; lastKnownFileType = sourcecode.swift; path = SceneDelegate.swift; sourceTree = "<group>"; };
		E95BC0802745DF2000CBC5D2 /* ViewController.swift */ = {isa = PBXFileReference; lastKnownFileType = sourcecode.swift; path = ViewController.swift; sourceTree = "<group>"; };
		E95BC0852745DF2200CBC5D2 /* Assets.xcassets */ = {isa = PBXFileReference; lastKnownFileType = folder.assetcatalog; path = Assets.xcassets; sourceTree = "<group>"; };
		E95BC0882745DF2200CBC5D2 /* Base */ = {isa = PBXFileReference; lastKnownFileType = file.storyboard; name = Base; path = Base.lproj/LaunchScreen.storyboard; sourceTree = "<group>"; };
		E95BC08A2745DF2200CBC5D2 /* Info.plist */ = {isa = PBXFileReference; lastKnownFileType = text.plist.xml; path = Info.plist; sourceTree = "<group>"; };
		E95BC0DB2746CF1A00CBC5D2 /* study_with_me.app */ = {isa = PBXFileReference; explicitFileType = wrapper.application; includeInIndex = 0; path = study_with_me.app; sourceTree = BUILT_PRODUCTS_DIR; };
		E95BC0DC2746CF1A00CBC5D2 /* study_with_meTests.xctest */ = {isa = PBXFileReference; explicitFileType = wrapper.cfbundle; includeInIndex = 0; path = study_with_meTests.xctest; sourceTree = BUILT_PRODUCTS_DIR; };
		E95BC0DD2746CF1A00CBC5D2 /* study_with_meUITests.xctest */ = {isa = PBXFileReference; explicitFileType = wrapper.cfbundle; includeInIndex = 0; path = study_with_meUITests.xctest; sourceTree = BUILT_PRODUCTS_DIR; };
		E95BC0E12746CF5600CBC5D2 /* NetworkManager.swift */ = {isa = PBXFileReference; lastKnownFileType = sourcecode.swift; path = NetworkManager.swift; sourceTree = "<group>"; };
		FBAF5789B275B7F15E51CB6D /* Pods-study_with_me.debug.xcconfig */ = {isa = PBXFileReference; includeInIndex = 1; lastKnownFileType = text.xcconfig; name = "Pods-study_with_me.debug.xcconfig"; path = "Target Support Files/Pods-study_with_me/Pods-study_with_me.debug.xcconfig"; sourceTree = "<group>"; };
/* End PBXFileReference section */

/* Begin PBXFrameworksBuildPhase section */
		E95BC0762745DF2000CBC5D2 /* Frameworks */ = {
			isa = PBXFrameworksBuildPhase;
			buildActionMask = 2147483647;
			files = (
				A6B586B6C3D734F765709D7B /* Pods_study_with_me.framework in Frameworks */,
			);
			runOnlyForDeploymentPostprocessing = 0;
		};
		E95BC08C2745DF2200CBC5D2 /* Frameworks */ = {
			isa = PBXFrameworksBuildPhase;
			buildActionMask = 2147483647;
			files = (
			);
			runOnlyForDeploymentPostprocessing = 0;
		};
		E95BC0972745DF2300CBC5D2 /* Frameworks */ = {
			isa = PBXFrameworksBuildPhase;
			buildActionMask = 2147483647;
			files = (
			);
			runOnlyForDeploymentPostprocessing = 0;
		};
/* End PBXFrameworksBuildPhase section */

/* Begin PBXGroup section */
		697B5F0CE5B694B4E4A77B7A /* Frameworks */ = {
			isa = PBXGroup;
			children = (
				034F6F2AD289413A5B58DFCC /* Pods_study_with_me.framework */,
			);
			name = Frameworks;
			sourceTree = "<group>";
		};
		E95BC0702745DF2000CBC5D2 = {
			isa = PBXGroup;
			children = (
				E95BC07B2745DF2000CBC5D2 /* study_with_me */,
				F3B0CBEBC9950721A4A7A131 /* Pods */,
				697B5F0CE5B694B4E4A77B7A /* Frameworks */,
				E95BC0DB2746CF1A00CBC5D2 /* study_with_me.app */,
				E95BC0DC2746CF1A00CBC5D2 /* study_with_meTests.xctest */,
				E95BC0DD2746CF1A00CBC5D2 /* study_with_meUITests.xctest */,
			);
			sourceTree = "<group>";
		};
		E95BC07B2745DF2000CBC5D2 /* study_with_me */ = {
			isa = PBXGroup;
			children = (
				E95BC07C2745DF2000CBC5D2 /* AppDelegate.swift */,
				E95BC07E2745DF2000CBC5D2 /* SceneDelegate.swift */,
				E95BC0802745DF2000CBC5D2 /* ViewController.swift */,
				E95BC0852745DF2200CBC5D2 /* Assets.xcassets */,
				E95BC0872745DF2200CBC5D2 /* LaunchScreen.storyboard */,
				E95BC08A2745DF2200CBC5D2 /* Info.plist */,
				E95BC0E12746CF5600CBC5D2 /* NetworkManager.swift */,
			);
			path = study_with_me;
			sourceTree = "<group>";
		};
		F3B0CBEBC9950721A4A7A131 /* Pods */ = {
			isa = PBXGroup;
			children = (
				FBAF5789B275B7F15E51CB6D /* Pods-study_with_me.debug.xcconfig */,
				05F283F589527FC65EEA1CE0 /* Pods-study_with_me.release.xcconfig */,
			);
			path = Pods;
			sourceTree = "<group>";
		};
/* End PBXGroup section */

/* Begin PBXNativeTarget section */
		E95BC0782745DF2000CBC5D2 /* study_with_me */ = {
			isa = PBXNativeTarget;
			buildConfigurationList = E95BC0A32745DF2300CBC5D2 /* Build configuration list for PBXNativeTarget "study_with_me" */;
			buildPhases = (
				02535F72D709FA907E2D03A2 /* [CP] Check Pods Manifest.lock */,
				E95BC0752745DF2000CBC5D2 /* Sources */,
				E95BC0762745DF2000CBC5D2 /* Frameworks */,
				E95BC0772745DF2000CBC5D2 /* Resources */,
				6AEB33B04A56F3A0D60628BF /* [CP] Embed Pods Frameworks */,
			);
			buildRules = (
			);
			dependencies = (
			);
			name = study_with_me;
			productName = study_with_me;
			productReference = E95BC0DB2746CF1A00CBC5D2 /* study_with_me.app */;
			productType = "com.apple.product-type.application";
		};
		E95BC08E2745DF2200CBC5D2 /* study_with_meTests */ = {
			isa = PBXNativeTarget;
			buildConfigurationList = E95BC0A62745DF2300CBC5D2 /* Build configuration list for PBXNativeTarget "study_with_meTests" */;
			buildPhases = (
				E95BC08B2745DF2200CBC5D2 /* Sources */,
				E95BC08C2745DF2200CBC5D2 /* Frameworks */,
				E95BC08D2745DF2200CBC5D2 /* Resources */,
			);
			buildRules = (
			);
			dependencies = (
				E95BC0912745DF2300CBC5D2 /* PBXTargetDependency */,
			);
			name = study_with_meTests;
			productName = study_with_meTests;
			productReference = E95BC0DC2746CF1A00CBC5D2 /* study_with_meTests.xctest */;
			productType = "com.apple.product-type.bundle.unit-test";
		};
		E95BC0992745DF2300CBC5D2 /* study_with_meUITests */ = {
			isa = PBXNativeTarget;
			buildConfigurationList = E95BC0A92745DF2300CBC5D2 /* Build configuration list for PBXNativeTarget "study_with_meUITests" */;
			buildPhases = (
				E95BC0962745DF2300CBC5D2 /* Sources */,
				E95BC0972745DF2300CBC5D2 /* Frameworks */,
				E95BC0982745DF2300CBC5D2 /* Resources */,
			);
			buildRules = (
			);
			dependencies = (
				E95BC09C2745DF2300CBC5D2 /* PBXTargetDependency */,
			);
			name = study_with_meUITests;
			productName = study_with_meUITests;
			productReference = E95BC0DD2746CF1A00CBC5D2 /* study_with_meUITests.xctest */;
			productType = "com.apple.product-type.bundle.ui-testing";
		};
/* End PBXNativeTarget section */

/* Begin PBXProject section */
		E95BC0712745DF2000CBC5D2 /* Project object */ = {
			isa = PBXProject;
			attributes = {
				LastSwiftUpdateCheck = 1240;
				LastUpgradeCheck = 1240;
				TargetAttributes = {
					E95BC0782745DF2000CBC5D2 = {
						CreatedOnToolsVersion = 12.4;
					};
					E95BC08E2745DF2200CBC5D2 = {
						CreatedOnToolsVersion = 12.4;
						TestTargetID = E95BC0782745DF2000CBC5D2;
					};
					E95BC0992745DF2300CBC5D2 = {
						CreatedOnToolsVersion = 12.4;
						TestTargetID = E95BC0782745DF2000CBC5D2;
					};
				};
			};
			buildConfigurationList = E95BC0742745DF2000CBC5D2 /* Build configuration list for PBXProject "study_with_me" */;
			compatibilityVersion = "Xcode 9.3";
			developmentRegion = en;
			hasScannedForEncodings = 0;
			knownRegions = (
				en,
				Base,
			);
			mainGroup = E95BC0702745DF2000CBC5D2;
			productRefGroup = E95BC0702745DF2000CBC5D2;
			projectDirPath = "";
			projectRoot = "";
			targets = (
				E95BC0782745DF2000CBC5D2 /* study_with_me */,
				E95BC08E2745DF2200CBC5D2 /* study_with_meTests */,
				E95BC0992745DF2300CBC5D2 /* study_with_meUITests */,
			);
		};
/* End PBXProject section */

/* Begin PBXResourcesBuildPhase section */
		E95BC0772745DF2000CBC5D2 /* Resources */ = {
			isa = PBXResourcesBuildPhase;
			buildActionMask = 2147483647;
			files = (
				E95BC0892745DF2200CBC5D2 /* LaunchScreen.storyboard in Resources */,
				E95BC0862745DF2200CBC5D2 /* Assets.xcassets in Resources */,
			);
			runOnlyForDeploymentPostprocessing = 0;
		};
		E95BC08D2745DF2200CBC5D2 /* Resources */ = {
			isa = PBXResourcesBuildPhase;
			buildActionMask = 2147483647;
			files = (
			);
			runOnlyForDeploymentPostprocessing = 0;
		};
		E95BC0982745DF2300CBC5D2 /* Resources */ = {
			isa = PBXResourcesBuildPhase;
			buildActionMask = 2147483647;
			files = (
			);
			runOnlyForDeploymentPostprocessing = 0;
		};
/* End PBXResourcesBuildPhase section */

/* Begin PBXShellScriptBuildPhase section */
		02535F72D709FA907E2D03A2 /* [CP] Check Pods Manifest.lock */ = {
			isa = PBXShellScriptBuildPhase;
			buildActionMask = 2147483647;
			files = (
			);
			inputFileListPaths = (
			);
			inputPaths = (
				"${PODS_PODFILE_DIR_PATH}/Podfile.lock",
				"${PODS_ROOT}/Manifest.lock",
			);
			name = "[CP] Check Pods Manifest.lock";
			outputFileListPaths = (
			);
			outputPaths = (
				"$(DERIVED_FILE_DIR)/Pods-study_with_me-checkManifestLockResult.txt",
			);
			runOnlyForDeploymentPostprocessing = 0;
			shellPath = /bin/sh;
			shellScript = "diff \"${PODS_PODFILE_DIR_PATH}/Podfile.lock\" \"${PODS_ROOT}/Manifest.lock\" > /dev/null\nif [ $? != 0 ] ; then\n    # print error to STDERR\n    echo \"error: The sandbox is not in sync with the Podfile.lock. Run 'pod install' or update your CocoaPods installation.\" >&2\n    exit 1\nfi\n# This output is used by Xcode 'outputs' to avoid re-running this script phase.\necho \"SUCCESS\" > \"${SCRIPT_OUTPUT_FILE_0}\"\n";
			showEnvVarsInLog = 0;
		};
		6AEB33B04A56F3A0D60628BF /* [CP] Embed Pods Frameworks */ = {
			isa = PBXShellScriptBuildPhase;
			buildActionMask = 2147483647;
			files = (
			);
			inputFileListPaths = (
				"${PODS_ROOT}/Target Support Files/Pods-study_with_me/Pods-study_with_me-frameworks-${CONFIGURATION}-input-files.xcfilelist",
			);
			name = "[CP] Embed Pods Frameworks";
			outputFileListPaths = (
				"${PODS_ROOT}/Target Support Files/Pods-study_with_me/Pods-study_with_me-frameworks-${CONFIGURATION}-output-files.xcfilelist",
			);
			runOnlyForDeploymentPostprocessing = 0;
			shellPath = /bin/sh;
			shellScript = "\"${PODS_ROOT}/Target Support Files/Pods-study_with_me/Pods-study_with_me-frameworks.sh\"\n";
			showEnvVarsInLog = 0;
		};
/* End PBXShellScriptBuildPhase section */

/* Begin PBXSourcesBuildPhase section */
		E95BC0752745DF2000CBC5D2 /* Sources */ = {
			isa = PBXSourcesBuildPhase;
			buildActionMask = 2147483647;
			files = (
				E95BC0E22746CF5600CBC5D2 /* NetworkManager.swift in Sources */,
				E95BC0812745DF2000CBC5D2 /* ViewController.swift in Sources */,
				E95BC07D2745DF2000CBC5D2 /* AppDelegate.swift in Sources */,
				E95BC07F2745DF2000CBC5D2 /* SceneDelegate.swift in Sources */,
			);
			runOnlyForDeploymentPostprocessing = 0;
		};
		E95BC08B2745DF2200CBC5D2 /* Sources */ = {
			isa = PBXSourcesBuildPhase;
			buildActionMask = 2147483647;
			files = (
			);
			runOnlyForDeploymentPostprocessing = 0;
		};
		E95BC0962745DF2300CBC5D2 /* Sources */ = {
			isa = PBXSourcesBuildPhase;
			buildActionMask = 2147483647;
			files = (
			);
			runOnlyForDeploymentPostprocessing = 0;
		};
/* End PBXSourcesBuildPhase section */

/* Begin PBXTargetDependency section */
		E95BC0912745DF2300CBC5D2 /* PBXTargetDependency */ = {
			isa = PBXTargetDependency;
			target = E95BC0782745DF2000CBC5D2 /* study_with_me */;
			targetProxy = E95BC0902745DF2300CBC5D2 /* PBXContainerItemProxy */;
		};
		E95BC09C2745DF2300CBC5D2 /* PBXTargetDependency */ = {
			isa = PBXTargetDependency;
			target = E95BC0782745DF2000CBC5D2 /* study_with_me */;
			targetProxy = E95BC09B2745DF2300CBC5D2 /* PBXContainerItemProxy */;
		};
/* End PBXTargetDependency section */

/* Begin PBXVariantGroup section */
		E95BC0872745DF2200CBC5D2 /* LaunchScreen.storyboard */ = {
			isa = PBXVariantGroup;
			children = (
				E95BC0882745DF2200CBC5D2 /* Base */,
			);
			name = LaunchScreen.storyboard;
			sourceTree = "<group>";
		};
/* End PBXVariantGroup section */

/* Begin XCBuildConfiguration section */
		E95BC0A12745DF2300CBC5D2 /* Debug */ = {
			isa = XCBuildConfiguration;
			buildSettings = {
				ALWAYS_SEARCH_USER_PATHS = NO;
				CLANG_ANALYZER_NONNULL = YES;
				CLANG_ANALYZER_NUMBER_OBJECT_CONVERSION = YES_AGGRESSIVE;
				CLANG_CXX_LANGUAGE_STANDARD = "gnu++14";
				CLANG_CXX_LIBRARY = "libc++";
				CLANG_ENABLE_MODULES = YES;
				CLANG_ENABLE_OBJC_ARC = YES;
				CLANG_ENABLE_OBJC_WEAK = YES;
				CLANG_WARN_BLOCK_CAPTURE_AUTORELEASING = YES;
				CLANG_WARN_BOOL_CONVERSION = YES;
				CLANG_WARN_COMMA = YES;
				CLANG_WARN_CONSTANT_CONVERSION = YES;
				CLANG_WARN_DEPRECATED_OBJC_IMPLEMENTATIONS = YES;
				CLANG_WARN_DIRECT_OBJC_ISA_USAGE = YES_ERROR;
				CLANG_WARN_DOCUMENTATION_COMMENTS = YES;
				CLANG_WARN_EMPTY_BODY = YES;
				CLANG_WARN_ENUM_CONVERSION = YES;
				CLANG_WARN_INFINITE_RECURSION = YES;
				CLANG_WARN_INT_CONVERSION = YES;
				CLANG_WARN_NON_LITERAL_NULL_CONVERSION = YES;
				CLANG_WARN_OBJC_IMPLICIT_RETAIN_SELF = YES;
				CLANG_WARN_OBJC_LITERAL_CONVERSION = YES;
				CLANG_WARN_OBJC_ROOT_CLASS = YES_ERROR;
				CLANG_WARN_QUOTED_INCLUDE_IN_FRAMEWORK_HEADER = YES;
				CLANG_WARN_RANGE_LOOP_ANALYSIS = YES;
				CLANG_WARN_STRICT_PROTOTYPES = YES;
				CLANG_WARN_SUSPICIOUS_MOVE = YES;
				CLANG_WARN_UNGUARDED_AVAILABILITY = YES_AGGRESSIVE;
				CLANG_WARN_UNREACHABLE_CODE = YES;
				CLANG_WARN__DUPLICATE_METHOD_MATCH = YES;
				COPY_PHASE_STRIP = NO;
				DEBUG_INFORMATION_FORMAT = dwarf;
				ENABLE_STRICT_OBJC_MSGSEND = YES;
				ENABLE_TESTABILITY = YES;
				GCC_C_LANGUAGE_STANDARD = gnu11;
				GCC_DYNAMIC_NO_PIC = NO;
				GCC_NO_COMMON_BLOCKS = YES;
				GCC_OPTIMIZATION_LEVEL = 0;
				GCC_PREPROCESSOR_DEFINITIONS = (
					"DEBUG=1",
					"$(inherited)",
				);
				GCC_WARN_64_TO_32_BIT_CONVERSION = YES;
				GCC_WARN_ABOUT_RETURN_TYPE = YES_ERROR;
				GCC_WARN_UNDECLARED_SELECTOR = YES;
				GCC_WARN_UNINITIALIZED_AUTOS = YES_AGGRESSIVE;
				GCC_WARN_UNUSED_FUNCTION = YES;
				GCC_WARN_UNUSED_VARIABLE = YES;
				IPHONEOS_DEPLOYMENT_TARGET = 14.4;
				MTL_ENABLE_DEBUG_INFO = INCLUDE_SOURCE;
				MTL_FAST_MATH = YES;
				ONLY_ACTIVE_ARCH = YES;
				SDKROOT = iphoneos;
				SWIFT_ACTIVE_COMPILATION_CONDITIONS = DEBUG;
				SWIFT_OPTIMIZATION_LEVEL = "-Onone";
			};
			name = Debug;
		};
		E95BC0A22745DF2300CBC5D2 /* Release */ = {
			isa = XCBuildConfiguration;
			buildSettings = {
				ALWAYS_SEARCH_USER_PATHS = NO;
				CLANG_ANALYZER_NONNULL = YES;
				CLANG_ANALYZER_NUMBER_OBJECT_CONVERSION = YES_AGGRESSIVE;
				CLANG_CXX_LANGUAGE_STANDARD = "gnu++14";
				CLANG_CXX_LIBRARY = "libc++";
				CLANG_ENABLE_MODULES = YES;
				CLANG_ENABLE_OBJC_ARC = YES;
				CLANG_ENABLE_OBJC_WEAK = YES;
				CLANG_WARN_BLOCK_CAPTURE_AUTORELEASING = YES;
				CLANG_WARN_BOOL_CONVERSION = YES;
				CLANG_WARN_COMMA = YES;
				CLANG_WARN_CONSTANT_CONVERSION = YES;
				CLANG_WARN_DEPRECATED_OBJC_IMPLEMENTATIONS = YES;
				CLANG_WARN_DIRECT_OBJC_ISA_USAGE = YES_ERROR;
				CLANG_WARN_DOCUMENTATION_COMMENTS = YES;
				CLANG_WARN_EMPTY_BODY = YES;
				CLANG_WARN_ENUM_CONVERSION = YES;
				CLANG_WARN_INFINITE_RECURSION = YES;
				CLANG_WARN_INT_CONVERSION = YES;
				CLANG_WARN_NON_LITERAL_NULL_CONVERSION = YES;
				CLANG_WARN_OBJC_IMPLICIT_RETAIN_SELF = YES;
				CLANG_WARN_OBJC_LITERAL_CONVERSION = YES;
				CLANG_WARN_OBJC_ROOT_CLASS = YES_ERROR;
				CLANG_WARN_QUOTED_INCLUDE_IN_FRAMEWORK_HEADER = YES;
				CLANG_WARN_RANGE_LOOP_ANALYSIS = YES;
				CLANG_WARN_STRICT_PROTOTYPES = YES;
				CLANG_WARN_SUSPICIOUS_MOVE = YES;
				CLANG_WARN_UNGUARDED_AVAILABILITY = YES_AGGRESSIVE;
				CLANG_WARN_UNREACHABLE_CODE = YES;
				CLANG_WARN__DUPLICATE_METHOD_MATCH = YES;
				COPY_PHASE_STRIP = NO;
				DEBUG_INFORMATION_FORMAT = "dwarf-with-dsym";
				ENABLE_NS_ASSERTIONS = NO;
				ENABLE_STRICT_OBJC_MSGSEND = YES;
				GCC_C_LANGUAGE_STANDARD = gnu11;
				GCC_NO_COMMON_BLOCKS = YES;
				GCC_WARN_64_TO_32_BIT_CONVERSION = YES;
				GCC_WARN_ABOUT_RETURN_TYPE = YES_ERROR;
				GCC_WARN_UNDECLARED_SELECTOR = YES;
				GCC_WARN_UNINITIALIZED_AUTOS = YES_AGGRESSIVE;
				GCC_WARN_UNUSED_FUNCTION = YES;
				GCC_WARN_UNUSED_VARIABLE = YES;
				IPHONEOS_DEPLOYMENT_TARGET = 14.4;
				MTL_ENABLE_DEBUG_INFO = NO;
				MTL_FAST_MATH = YES;
				SDKROOT = iphoneos;
				SWIFT_COMPILATION_MODE = wholemodule;
				SWIFT_OPTIMIZATION_LEVEL = "-O";
				VALIDATE_PRODUCT = YES;
			};
			name = Release;
		};
		E95BC0A42745DF2300CBC5D2 /* Debug */ = {
			isa = XCBuildConfiguration;
			baseConfigurationReference = FBAF5789B275B7F15E51CB6D /* Pods-study_with_me.debug.xcconfig */;
			buildSettings = {
				ASSETCATALOG_COMPILER_APPICON_NAME = AppIcon;
				ASSETCATALOG_COMPILER_GLOBAL_ACCENT_COLOR_NAME = AccentColor;
				CODE_SIGN_STYLE = Automatic;
				INFOPLIST_FILE = study_with_me/Info.plist;
				LD_RUNPATH_SEARCH_PATHS = (
					"$(inherited)",
					"@executable_path/Frameworks",
				);
				PRODUCT_BUNDLE_IDENTIFIER = "LearnSwift.study-with-me";
				PRODUCT_NAME = "$(TARGET_NAME)";
				SWIFT_VERSION = 5.0;
				TARGETED_DEVICE_FAMILY = "1,2";
			};
			name = Debug;
		};
		E95BC0A52745DF2300CBC5D2 /* Release */ = {
			isa = XCBuildConfiguration;
			baseConfigurationReference = 05F283F589527FC65EEA1CE0 /* Pods-study_with_me.release.xcconfig */;
			buildSettings = {
				ASSETCATALOG_COMPILER_APPICON_NAME = AppIcon;
				ASSETCATALOG_COMPILER_GLOBAL_ACCENT_COLOR_NAME = AccentColor;
				CODE_SIGN_STYLE = Automatic;
				INFOPLIST_FILE = study_with_me/Info.plist;
				LD_RUNPATH_SEARCH_PATHS = (
					"$(inherited)",
					"@executable_path/Frameworks",
				);
				PRODUCT_BUNDLE_IDENTIFIER = "LearnSwift.study-with-me";
				PRODUCT_NAME = "$(TARGET_NAME)";
				SWIFT_VERSION = 5.0;
				TARGETED_DEVICE_FAMILY = "1,2";
			};
			name = Release;
		};
		E95BC0A72745DF2300CBC5D2 /* Debug */ = {
			isa = XCBuildConfiguration;
			buildSettings = {
				ALWAYS_EMBED_SWIFT_STANDARD_LIBRARIES = YES;
				BUNDLE_LOADER = "$(TEST_HOST)";
				CODE_SIGN_STYLE = Automatic;
				INFOPLIST_FILE = study_with_meTests/Info.plist;
				IPHONEOS_DEPLOYMENT_TARGET = 14.4;
				LD_RUNPATH_SEARCH_PATHS = (
					"$(inherited)",
					"@executable_path/Frameworks",
					"@loader_path/Frameworks",
				);
				PRODUCT_BUNDLE_IDENTIFIER = "LearnSwift.study-with-meTests";
				PRODUCT_NAME = "$(TARGET_NAME)";
				SWIFT_VERSION = 5.0;
				TARGETED_DEVICE_FAMILY = "1,2";
				TEST_HOST = "$(BUILT_PRODUCTS_DIR)/study_with_me.app/study_with_me";
			};
			name = Debug;
		};
		E95BC0A82745DF2300CBC5D2 /* Release */ = {
			isa = XCBuildConfiguration;
			buildSettings = {
				ALWAYS_EMBED_SWIFT_STANDARD_LIBRARIES = YES;
				BUNDLE_LOADER = "$(TEST_HOST)";
				CODE_SIGN_STYLE = Automatic;
				INFOPLIST_FILE = study_with_meTests/Info.plist;
				IPHONEOS_DEPLOYMENT_TARGET = 14.4;
				LD_RUNPATH_SEARCH_PATHS = (
					"$(inherited)",
					"@executable_path/Frameworks",
					"@loader_path/Frameworks",
				);
				PRODUCT_BUNDLE_IDENTIFIER = "LearnSwift.study-with-meTests";
				PRODUCT_NAME = "$(TARGET_NAME)";
				SWIFT_VERSION = 5.0;
				TARGETED_DEVICE_FAMILY = "1,2";
				TEST_HOST = "$(BUILT_PRODUCTS_DIR)/study_with_me.app/study_with_me";
			};
			name = Release;
		};
		E95BC0AA2745DF2300CBC5D2 /* Debug */ = {
			isa = XCBuildConfiguration;
			buildSettings = {
				ALWAYS_EMBED_SWIFT_STANDARD_LIBRARIES = YES;
				CODE_SIGN_STYLE = Automatic;
				INFOPLIST_FILE = study_with_meUITests/Info.plist;
				LD_RUNPATH_SEARCH_PATHS = (
					"$(inherited)",
					"@executable_path/Frameworks",
					"@loader_path/Frameworks",
				);
				PRODUCT_BUNDLE_IDENTIFIER = "LearnSwift.study-with-meUITests";
				PRODUCT_NAME = "$(TARGET_NAME)";
				SWIFT_VERSION = 5.0;
				TARGETED_DEVICE_FAMILY = "1,2";
				TEST_TARGET_NAME = study_with_me;
			};
			name = Debug;
		};
		E95BC0AB2745DF2300CBC5D2 /* Release */ = {
			isa = XCBuildConfiguration;
			buildSettings = {
				ALWAYS_EMBED_SWIFT_STANDARD_LIBRARIES = YES;
				CODE_SIGN_STYLE = Automatic;
				INFOPLIST_FILE = study_with_meUITests/Info.plist;
				LD_RUNPATH_SEARCH_PATHS = (
					"$(inherited)",
					"@executable_path/Frameworks",
					"@loader_path/Frameworks",
				);
				PRODUCT_BUNDLE_IDENTIFIER = "LearnSwift.study-with-meUITests";
				PRODUCT_NAME = "$(TARGET_NAME)";
				SWIFT_VERSION = 5.0;
				TARGETED_DEVICE_FAMILY = "1,2";
				TEST_TARGET_NAME = study_with_me;
			};
			name = Release;
		};
/* End XCBuildConfiguration section */

/* Begin XCConfigurationList section */
		E95BC0742745DF2000CBC5D2 /* Build configuration list for PBXProject "study_with_me" */ = {
			isa = XCConfigurationList;
			buildConfigurations = (
				E95BC0A12745DF2300CBC5D2 /* Debug */,
				E95BC0A22745DF2300CBC5D2 /* Release */,
			);
			defaultConfigurationIsVisible = 0;
			defaultConfigurationName = Release;
		};
		E95BC0A32745DF2300CBC5D2 /* Build configuration list for PBXNativeTarget "study_with_me" */ = {
			isa = XCConfigurationList;
			buildConfigurations = (
				E95BC0A42745DF2300CBC5D2 /* Debug */,
				E95BC0A52745DF2300CBC5D2 /* Release */,
			);
			defaultConfigurationIsVisible = 0;
			defaultConfigurationName = Release;
		};
		E95BC0A62745DF2300CBC5D2 /* Build configuration list for PBXNativeTarget "study_with_meTests" */ = {
			isa = XCConfigurationList;
			buildConfigurations = (
				E95BC0A72745DF2300CBC5D2 /* Debug */,
				E95BC0A82745DF2300CBC5D2 /* Release */,
			);
			defaultConfigurationIsVisible = 0;
			defaultConfigurationName = Release;
		};
		E95BC0A92745DF2300CBC5D2 /* Build configuration list for PBXNativeTarget "study_with_meUITests" */ = {
			isa = XCConfigurationList;
			buildConfigurations = (
				E95BC0AA2745DF2300CBC5D2 /* Debug */,
				E95BC0AB2745DF2300CBC5D2 /* Release */,
			);
			defaultConfigurationIsVisible = 0;
			defaultConfigurationName = Release;
		};
/* End XCConfigurationList section */
	};
	rootObject = E95BC0712745DF2000CBC5D2 /* Project object */;
}
